
Microsoft Visual Studio Solution File, Format Version 12.00
# Visual Studio 2012
Project("{8BC9CEB8-8B4A-11D0-8D11-00A0C91BC942}") = "FileSystem", "FileSystem\FileSystem.vcxproj", "{A770622B-8233-406D-8EA6-736C1A5E60EB}"
EndProject
Project("{8BC9CEB8-8B4A-11D0-8D11-00A0C91BC942}") = "Registry", "Registry\Registry.vcxproj", "{09DD0346-3C09-4035-A0C4-CC8649625705}"
EndProject
Project("{8BC9CEB8-8B4A-11D0-8D11-00A0C91BC942}") = "Processes", "Processes\Processes.vcxproj", "{67179642-0619-44F8-AC68-FF1CEA40A9AD}"
EndProject
Global
	GlobalSection(SolutionConfigurationPlatforms) = preSolution
		Debug|ARM = Debug|ARM
		Debug|Win32 = Debug|Win32
		Release|ARM = Release|ARM
		Release|Win32 = Release|Win32
	EndGlobalSection
	GlobalSection(ProjectConfigurationPlatforms) = postSolution
		{A770622B-8233-406D-8EA6-736C1A5E60EB}.Debug|ARM.ActiveCfg = Debug|ARM
		{A770622B-8233-406D-8EA6-736C1A5E60EB}.Debug|ARM.Build.0 = Debug|ARM
		{A770622B-8233-406D-8EA6-736C1A5E60EB}.Debug|ARM.Deploy.0 = Debug|ARM
		{A770622B-8233-406D-8EA6-736C1A5E60EB}.Debug|Win32.ActiveCfg = Debug|Win32
		{A770622B-8233-406D-8EA6-736C1A5E60EB}.Debug|Win32.Build.0 = Debug|Win32
		{A770622B-8233-406D-8EA6-736C1A5E60EB}.Debug|Win32.Deploy.0 = Debug|Win32
		{A770622B-8233-406D-8EA6-736C1A5E60EB}.Release|ARM.ActiveCfg = Release|ARM
		{A770622B-8233-406D-8EA6-736C1A5E60EB}.Release|ARM.Build.0 = Release|ARM
		{A770622B-8233-406D-8EA6-736C1A5E60EB}.Release|ARM.Deploy.0 = Release|ARM
		{A770622B-8233-406D-8EA6-736C1A5E60EB}.Release|Win32.ActiveCfg = Release|Win32
		{A770622B-8233-406D-8EA6-736C1A5E60EB}.Release|Win32.Build.0 = Release|Win32
		{A770622B-8233-406D-8EA6-736C1A5E60EB}.Release|Win32.Deploy.0 = Release|Win32
		{09DD0346-3C09-4035-A0C4-CC8649625705}.Debug|ARM.ActiveCfg = Debug|ARM
		{09DD0346-3C09-4035-A0C4-CC8649625705}.Debug|ARM.Build.0 = Debug|ARM
		{09DD0346-3C09-4035-A0C4-CC8649625705}.Debug|ARM.Deploy.0 = Debug|ARM
		{09DD0346-3C09-4035-A0C4-CC8649625705}.Debug|Win32.ActiveCfg = Debug|Win32
		{09DD0346-3C09-4035-A0C4-CC8649625705}.Debug|Win32.Build.0 = Debug|Win32
		{09DD0346-3C09-4035-A0C4-CC8649625705}.Debug|Win32.Deploy.0 = Debug|Win32
		{09DD0346-3C09-4035-A0C4-CC8649625705}.Release|ARM.ActiveCfg = Release|ARM
		{09DD0346-3C09-4035-A0C4-CC8649625705}.Release|ARM.Build.0 = Release|ARM
		{09DD0346-3C09-4035-A0C4-CC8649625705}.Release|ARM.Deploy.0 = Release|ARM
		{09DD0346-3C09-4035-A0C4-CC8649625705}.Release|Win32.ActiveCfg = Release|Win32
		{09DD0346-3C09-4035-A0C4-CC8649625705}.Release|Win32.Build.0 = Release|Win32
		{09DD0346-3C09-4035-A0C4-CC8649625705}.Release|Win32.Deploy.0 = Release|Win32
		{67179642-0619-44F8-AC68-FF1CEA40A9AD}.Debug|ARM.ActiveCfg = Debug|ARM
		{67179642-0619-44F8-AC68-FF1CEA40A9AD}.Debug|ARM.Build.0 = Debug|ARM
		{67179642-0619-44F8-AC68-FF1CEA40A9AD}.Debug|ARM.Deploy.0 = Debug|ARM
		{67179642-0619-44F8-AC68-FF1CEA40A9AD}.Debug|Win32.ActiveCfg = Debug|Win32
		{67179642-0619-44F8-AC68-FF1CEA40A9AD}.Debug|Win32.Build.0 = Debug|Win32
		{67179642-0619-44F8-AC68-FF1CEA40A9AD}.Debug|Win32.Deploy.0 = Debug|Win32
		{67179642-0619-44F8-AC68-FF1CEA40A9AD}.Release|ARM.ActiveCfg = Release|ARM
		{67179642-0619-44F8-AC68-FF1CEA40A9AD}.Release|ARM.Build.0 = Release|ARM
		{67179642-0619-44F8-AC68-FF1CEA40A9AD}.Release|ARM.Deploy.0 = Release|ARM
		{67179642-0619-44F8-AC68-FF1CEA40A9AD}.Release|Win32.ActiveCfg = Release|Win32
		{67179642-0619-44F8-AC68-FF1CEA40A9AD}.Release|Win32.Build.0 = Release|Win32
		{67179642-0619-44F8-AC68-FF1CEA40A9AD}.Release|Win32.Deploy.0 = Release|Win32
	EndGlobalSection
	GlobalSection(SolutionProperties) = preSolution
		HideSolutionNode = FALSE
	EndGlobalSection
EndGlobal
