
Microsoft Visual Studio Solution File, Format Version 12.00
# Visual Studio 14
VisualStudioVersion = 14.0.24720.0
MinimumVisualStudioVersion = 10.0.40219.1
Project("{8BC9CEB8-8B4A-11D0-8D11-00A0C91BC942}") = "FileSystem", "FileSystem\FileSystem.vcxproj", "{A770622B-8233-406D-8EA6-736C1A5E60EB}"
EndProject
Project("{8BC9CEB8-8B4A-11D0-8D11-00A0C91BC942}") = "Registry", "Registry\Registry.vcxproj", "{09DD0346-3C09-4035-A0C4-CC8649625705}"
EndProject
Project("{8BC9CEB8-8B4A-11D0-8D11-00A0C91BC942}") = "Processes", "Processes\Processes.vcxproj", "{67179642-0619-44F8-AC68-FF1CEA40A9AD}"
EndProject
Project("{8BC9CEB8-8B4A-11D0-8D11-00A0C91BC942}") = "NativeTest", "NativeTest\NativeTest.vcxproj", "{2AD9A4E1-10C2-4BCC-93C3-7ECB470C480E}"
EndProject
Project("{FAE04EC0-301F-11D3-BF4B-00C04F79EFBC}") = "ManagedTest", "ManagedTest\ManagedTest.csproj", "{E8592016-9A98-477B-8AD4-EDF088BD2EDC}"
EndProject
Project("{8BC9CEB8-8B4A-11D0-8D11-00A0C91BC942}") = "Services", "Services\Services.vcxproj", "{B6F826C1-9D7A-4D5C-A71D-B9C1A5BC9193}"
EndProject
Global
	GlobalSection(SolutionConfigurationPlatforms) = preSolution
		Debug|ARM = Debug|ARM
		Debug|Win32 = Debug|Win32
		Debug|x86 = Debug|x86
		Release|ARM = Release|ARM
		Release|Win32 = Release|Win32
		Release|x86 = Release|x86
	EndGlobalSection
	GlobalSection(ProjectConfigurationPlatforms) = postSolution
		{A770622B-8233-406D-8EA6-736C1A5E60EB}.Debug|ARM.ActiveCfg = Debug|ARM
		{A770622B-8233-406D-8EA6-736C1A5E60EB}.Debug|ARM.Build.0 = Debug|ARM
		{A770622B-8233-406D-8EA6-736C1A5E60EB}.Debug|ARM.Deploy.0 = Debug|ARM
		{A770622B-8233-406D-8EA6-736C1A5E60EB}.Debug|Win32.ActiveCfg = Debug|Win32
		{A770622B-8233-406D-8EA6-736C1A5E60EB}.Debug|Win32.Build.0 = Debug|Win32
		{A770622B-8233-406D-8EA6-736C1A5E60EB}.Debug|Win32.Deploy.0 = Debug|Win32
		{A770622B-8233-406D-8EA6-736C1A5E60EB}.Debug|x86.ActiveCfg = Debug|Win32
		{A770622B-8233-406D-8EA6-736C1A5E60EB}.Debug|x86.Build.0 = Debug|Win32
		{A770622B-8233-406D-8EA6-736C1A5E60EB}.Debug|x86.Deploy.0 = Debug|Win32
		{A770622B-8233-406D-8EA6-736C1A5E60EB}.Release|ARM.ActiveCfg = Release|ARM
		{A770622B-8233-406D-8EA6-736C1A5E60EB}.Release|ARM.Build.0 = Release|ARM
		{A770622B-8233-406D-8EA6-736C1A5E60EB}.Release|ARM.Deploy.0 = Release|ARM
		{A770622B-8233-406D-8EA6-736C1A5E60EB}.Release|Win32.ActiveCfg = Release|Win32
		{A770622B-8233-406D-8EA6-736C1A5E60EB}.Release|Win32.Build.0 = Release|Win32
		{A770622B-8233-406D-8EA6-736C1A5E60EB}.Release|Win32.Deploy.0 = Release|Win32
		{A770622B-8233-406D-8EA6-736C1A5E60EB}.Release|x86.ActiveCfg = Release|Win32
		{A770622B-8233-406D-8EA6-736C1A5E60EB}.Release|x86.Build.0 = Release|Win32
		{A770622B-8233-406D-8EA6-736C1A5E60EB}.Release|x86.Deploy.0 = Release|Win32
		{09DD0346-3C09-4035-A0C4-CC8649625705}.Debug|ARM.ActiveCfg = Debug|ARM
		{09DD0346-3C09-4035-A0C4-CC8649625705}.Debug|ARM.Build.0 = Debug|ARM
		{09DD0346-3C09-4035-A0C4-CC8649625705}.Debug|ARM.Deploy.0 = Debug|ARM
		{09DD0346-3C09-4035-A0C4-CC8649625705}.Debug|Win32.ActiveCfg = Debug|Win32
		{09DD0346-3C09-4035-A0C4-CC8649625705}.Debug|Win32.Build.0 = Debug|Win32
		{09DD0346-3C09-4035-A0C4-CC8649625705}.Debug|Win32.Deploy.0 = Debug|Win32
		{09DD0346-3C09-4035-A0C4-CC8649625705}.Debug|x86.ActiveCfg = Debug|Win32
		{09DD0346-3C09-4035-A0C4-CC8649625705}.Debug|x86.Build.0 = Debug|Win32
		{09DD0346-3C09-4035-A0C4-CC8649625705}.Debug|x86.Deploy.0 = Debug|Win32
		{09DD0346-3C09-4035-A0C4-CC8649625705}.Release|ARM.ActiveCfg = Release|ARM
		{09DD0346-3C09-4035-A0C4-CC8649625705}.Release|ARM.Build.0 = Release|ARM
		{09DD0346-3C09-4035-A0C4-CC8649625705}.Release|ARM.Deploy.0 = Release|ARM
		{09DD0346-3C09-4035-A0C4-CC8649625705}.Release|Win32.ActiveCfg = Release|Win32
		{09DD0346-3C09-4035-A0C4-CC8649625705}.Release|Win32.Build.0 = Release|Win32
		{09DD0346-3C09-4035-A0C4-CC8649625705}.Release|Win32.Deploy.0 = Release|Win32
		{09DD0346-3C09-4035-A0C4-CC8649625705}.Release|x86.ActiveCfg = Release|Win32
		{09DD0346-3C09-4035-A0C4-CC8649625705}.Release|x86.Build.0 = Release|Win32
		{09DD0346-3C09-4035-A0C4-CC8649625705}.Release|x86.Deploy.0 = Release|Win32
		{67179642-0619-44F8-AC68-FF1CEA40A9AD}.Debug|ARM.ActiveCfg = Debug|ARM
		{67179642-0619-44F8-AC68-FF1CEA40A9AD}.Debug|ARM.Build.0 = Debug|ARM
		{67179642-0619-44F8-AC68-FF1CEA40A9AD}.Debug|ARM.Deploy.0 = Debug|ARM
		{67179642-0619-44F8-AC68-FF1CEA40A9AD}.Debug|Win32.ActiveCfg = Debug|Win32
		{67179642-0619-44F8-AC68-FF1CEA40A9AD}.Debug|Win32.Build.0 = Debug|Win32
		{67179642-0619-44F8-AC68-FF1CEA40A9AD}.Debug|Win32.Deploy.0 = Debug|Win32
		{67179642-0619-44F8-AC68-FF1CEA40A9AD}.Debug|x86.ActiveCfg = Debug|Win32
		{67179642-0619-44F8-AC68-FF1CEA40A9AD}.Debug|x86.Build.0 = Debug|Win32
		{67179642-0619-44F8-AC68-FF1CEA40A9AD}.Debug|x86.Deploy.0 = Debug|Win32
		{67179642-0619-44F8-AC68-FF1CEA40A9AD}.Release|ARM.ActiveCfg = Release|ARM
		{67179642-0619-44F8-AC68-FF1CEA40A9AD}.Release|ARM.Build.0 = Release|ARM
		{67179642-0619-44F8-AC68-FF1CEA40A9AD}.Release|ARM.Deploy.0 = Release|ARM
		{67179642-0619-44F8-AC68-FF1CEA40A9AD}.Release|Win32.ActiveCfg = Release|Win32
		{67179642-0619-44F8-AC68-FF1CEA40A9AD}.Release|Win32.Build.0 = Release|Win32
		{67179642-0619-44F8-AC68-FF1CEA40A9AD}.Release|Win32.Deploy.0 = Release|Win32
		{67179642-0619-44F8-AC68-FF1CEA40A9AD}.Release|x86.ActiveCfg = Release|Win32
		{67179642-0619-44F8-AC68-FF1CEA40A9AD}.Release|x86.Build.0 = Release|Win32
		{67179642-0619-44F8-AC68-FF1CEA40A9AD}.Release|x86.Deploy.0 = Release|Win32
		{2AD9A4E1-10C2-4BCC-93C3-7ECB470C480E}.Debug|ARM.ActiveCfg = Debug|ARM
		{2AD9A4E1-10C2-4BCC-93C3-7ECB470C480E}.Debug|ARM.Build.0 = Debug|ARM
		{2AD9A4E1-10C2-4BCC-93C3-7ECB470C480E}.Debug|ARM.Deploy.0 = Debug|ARM
		{2AD9A4E1-10C2-4BCC-93C3-7ECB470C480E}.Debug|Win32.ActiveCfg = Debug|Win32
		{2AD9A4E1-10C2-4BCC-93C3-7ECB470C480E}.Debug|Win32.Build.0 = Debug|Win32
		{2AD9A4E1-10C2-4BCC-93C3-7ECB470C480E}.Debug|Win32.Deploy.0 = Debug|Win32
		{2AD9A4E1-10C2-4BCC-93C3-7ECB470C480E}.Debug|x86.ActiveCfg = Debug|Win32
		{2AD9A4E1-10C2-4BCC-93C3-7ECB470C480E}.Debug|x86.Build.0 = Debug|Win32
		{2AD9A4E1-10C2-4BCC-93C3-7ECB470C480E}.Debug|x86.Deploy.0 = Debug|Win32
		{2AD9A4E1-10C2-4BCC-93C3-7ECB470C480E}.Release|ARM.ActiveCfg = Release|ARM
		{2AD9A4E1-10C2-4BCC-93C3-7ECB470C480E}.Release|ARM.Build.0 = Release|ARM
		{2AD9A4E1-10C2-4BCC-93C3-7ECB470C480E}.Release|ARM.Deploy.0 = Release|ARM
		{2AD9A4E1-10C2-4BCC-93C3-7ECB470C480E}.Release|Win32.ActiveCfg = Release|Win32
		{2AD9A4E1-10C2-4BCC-93C3-7ECB470C480E}.Release|Win32.Build.0 = Release|Win32
		{2AD9A4E1-10C2-4BCC-93C3-7ECB470C480E}.Release|Win32.Deploy.0 = Release|Win32
		{2AD9A4E1-10C2-4BCC-93C3-7ECB470C480E}.Release|x86.ActiveCfg = Release|Win32
		{2AD9A4E1-10C2-4BCC-93C3-7ECB470C480E}.Release|x86.Build.0 = Release|Win32
		{2AD9A4E1-10C2-4BCC-93C3-7ECB470C480E}.Release|x86.Deploy.0 = Release|Win32
		{E8592016-9A98-477B-8AD4-EDF088BD2EDC}.Debug|ARM.ActiveCfg = Debug|ARM
		{E8592016-9A98-477B-8AD4-EDF088BD2EDC}.Debug|ARM.Build.0 = Debug|ARM
		{E8592016-9A98-477B-8AD4-EDF088BD2EDC}.Debug|ARM.Deploy.0 = Debug|ARM
		{E8592016-9A98-477B-8AD4-EDF088BD2EDC}.Debug|Win32.ActiveCfg = Debug|x86
		{E8592016-9A98-477B-8AD4-EDF088BD2EDC}.Debug|Win32.Build.0 = Debug|x86
		{E8592016-9A98-477B-8AD4-EDF088BD2EDC}.Debug|Win32.Deploy.0 = Debug|x86
		{E8592016-9A98-477B-8AD4-EDF088BD2EDC}.Debug|x86.ActiveCfg = Debug|x86
		{E8592016-9A98-477B-8AD4-EDF088BD2EDC}.Debug|x86.Build.0 = Debug|x86
		{E8592016-9A98-477B-8AD4-EDF088BD2EDC}.Debug|x86.Deploy.0 = Debug|x86
		{E8592016-9A98-477B-8AD4-EDF088BD2EDC}.Release|ARM.ActiveCfg = Release|ARM
		{E8592016-9A98-477B-8AD4-EDF088BD2EDC}.Release|ARM.Build.0 = Release|ARM
		{E8592016-9A98-477B-8AD4-EDF088BD2EDC}.Release|ARM.Deploy.0 = Release|ARM
		{E8592016-9A98-477B-8AD4-EDF088BD2EDC}.Release|Win32.ActiveCfg = Release|x86
		{E8592016-9A98-477B-8AD4-EDF088BD2EDC}.Release|Win32.Build.0 = Release|x86
		{E8592016-9A98-477B-8AD4-EDF088BD2EDC}.Release|Win32.Deploy.0 = Release|x86
		{E8592016-9A98-477B-8AD4-EDF088BD2EDC}.Release|x86.ActiveCfg = Release|x86
		{E8592016-9A98-477B-8AD4-EDF088BD2EDC}.Release|x86.Build.0 = Release|x86
		{E8592016-9A98-477B-8AD4-EDF088BD2EDC}.Release|x86.Deploy.0 = Release|x86
		{B6F826C1-9D7A-4D5C-A71D-B9C1A5BC9193}.Debug|ARM.ActiveCfg = Debug|ARM
		{B6F826C1-9D7A-4D5C-A71D-B9C1A5BC9193}.Debug|ARM.Build.0 = Debug|ARM
		{B6F826C1-9D7A-4D5C-A71D-B9C1A5BC9193}.Debug|ARM.Deploy.0 = Debug|ARM
		{B6F826C1-9D7A-4D5C-A71D-B9C1A5BC9193}.Debug|Win32.ActiveCfg = Debug|Win32
		{B6F826C1-9D7A-4D5C-A71D-B9C1A5BC9193}.Debug|Win32.Build.0 = Debug|Win32
		{B6F826C1-9D7A-4D5C-A71D-B9C1A5BC9193}.Debug|Win32.Deploy.0 = Debug|Win32
		{B6F826C1-9D7A-4D5C-A71D-B9C1A5BC9193}.Debug|x86.ActiveCfg = Debug|Win32
		{B6F826C1-9D7A-4D5C-A71D-B9C1A5BC9193}.Debug|x86.Build.0 = Debug|Win32
		{B6F826C1-9D7A-4D5C-A71D-B9C1A5BC9193}.Debug|x86.Deploy.0 = Debug|Win32
		{B6F826C1-9D7A-4D5C-A71D-B9C1A5BC9193}.Release|ARM.ActiveCfg = Release|ARM
		{B6F826C1-9D7A-4D5C-A71D-B9C1A5BC9193}.Release|ARM.Build.0 = Release|ARM
		{B6F826C1-9D7A-4D5C-A71D-B9C1A5BC9193}.Release|ARM.Deploy.0 = Release|ARM
		{B6F826C1-9D7A-4D5C-A71D-B9C1A5BC9193}.Release|Win32.ActiveCfg = Release|Win32
		{B6F826C1-9D7A-4D5C-A71D-B9C1A5BC9193}.Release|Win32.Build.0 = Release|Win32
		{B6F826C1-9D7A-4D5C-A71D-B9C1A5BC9193}.Release|Win32.Deploy.0 = Release|Win32
		{B6F826C1-9D7A-4D5C-A71D-B9C1A5BC9193}.Release|x86.ActiveCfg = Release|Win32
		{B6F826C1-9D7A-4D5C-A71D-B9C1A5BC9193}.Release|x86.Build.0 = Release|Win32
		{B6F826C1-9D7A-4D5C-A71D-B9C1A5BC9193}.Release|x86.Deploy.0 = Release|Win32
	EndGlobalSection
	GlobalSection(SolutionProperties) = preSolution
		HideSolutionNode = FALSE
	EndGlobalSection
EndGlobal
